{
  "requires": true,
  "lockfileVersion": 1,
  "dependencies": {
    "@letsee/insight": {
      "version": "1.2.19",
      "resolved": "http://npm.letsee.io:4873/@letsee%2finsight/-/insight-1.2.19.tgz",
      "integrity": "sha512-JOcGG5iOgailNx2flAMLPmdgfCOVY7o+0A+zxYJbT2zkAgwhOb+NDVWwIa5sPECJd7u/WllfUS/sAzTOD565Ow=="
    }
  }
}
